
Microsoft Visual Studio Solution File, Format Version 12.00
# Visual Studio Version 16
VisualStudioVersion = 16.0.32126.315
MinimumVisualStudioVersion = 10.0.40219.1
Project("{9A19103F-16F7-4668-BE54-9A1E7A4F7556}") = "MyntraClone", "MyntraClone.csproj", "{30CEEE05-F228-4E67-AC4C-8EC5C5567E39}"
EndProject
Project("{FAE04EC0-301F-11D3-BF4B-00C04F79EFBC}") = "MyntraCloneTest", "..\MyntraCloneTest\MyntraCloneTest.csproj", "{CC8DD767-5B66-42B7-AAE2-DF77FF2C741E}"
EndProject
Global
	GlobalSection(SolutionConfigurationPlatforms) = preSolution
		Debug|Any CPU = Debug|Any CPU
		Release|Any CPU = Release|Any CPU
	EndGlobalSection
	GlobalSection(ProjectConfigurationPlatforms) = postSolution
		{30CEEE05-F228-4E67-AC4C-8EC5C5567E39}.Debug|Any CPU.ActiveCfg = Debug|Any CPU
		{30CEEE05-F228-4E67-AC4C-8EC5C5567E39}.Debug|Any CPU.Build.0 = Debug|Any CPU
		{30CEEE05-F228-4E67-AC4C-8EC5C5567E39}.Release|Any CPU.ActiveCfg = Release|Any CPU
		{30CEEE05-F228-4E67-AC4C-8EC5C5567E39}.Release|Any CPU.Build.0 = Release|Any CPU
		{CC8DD767-5B66-42B7-AAE2-DF77FF2C741E}.Debug|Any CPU.ActiveCfg = Debug|Any CPU
		{CC8DD767-5B66-42B7-AAE2-DF77FF2C741E}.Debug|Any CPU.Build.0 = Debug|Any CPU
		{CC8DD767-5B66-42B7-AAE2-DF77FF2C741E}.Release|Any CPU.ActiveCfg = Release|Any CPU
		{CC8DD767-5B66-42B7-AAE2-DF77FF2C741E}.Release|Any CPU.Build.0 = Release|Any CPU
	EndGlobalSection
	GlobalSection(SolutionProperties) = preSolution
		HideSolutionNode = FALSE
	EndGlobalSection
	GlobalSection(ExtensibilityGlobals) = postSolution
		SolutionGuid = {697358C2-CA33-480F-B628-DD4580786399}
	EndGlobalSection
EndGlobal
